// !$*UTF8*$!
{
	archiveVersion = 1;
	classes = {
	};
	objectVersion = 50;
	objects = {

/* Begin PBXBuildFile section */
		B29F76C224E236D4003ECDDB /* AppDelegate.swift in Sources */ = {isa = PBXBuildFile; fileRef = B29F76C124E236D4003ECDDB /* AppDelegate.swift */; };
		B29F76C424E236D4003ECDDB /* SceneDelegate.swift in Sources */ = {isa = PBXBuildFile; fileRef = B29F76C324E236D4003ECDDB /* SceneDelegate.swift */; };
		B29F76C624E236D4003ECDDB /* ViewController.swift in Sources */ = {isa = PBXBuildFile; fileRef = B29F76C524E236D4003ECDDB /* ViewController.swift */; };
		B29F76C924E236D4003ECDDB /* Main.storyboard in Resources */ = {isa = PBXBuildFile; fileRef = B29F76C724E236D4003ECDDB /* Main.storyboard */; };
		B29F76CB24E236D7003ECDDB /* Assets.xcassets in Resources */ = {isa = PBXBuildFile; fileRef = B29F76CA24E236D7003ECDDB /* Assets.xcassets */; };
		B29F76CE24E236D7003ECDDB /* LaunchScreen.storyboard in Resources */ = {isa = PBXBuildFile; fileRef = B29F76CC24E236D7003ECDDB /* LaunchScreen.storyboard */; };
		B29F76D924E236D7003ECDDB /* TipCalculatorTests.swift in Sources */ = {isa = PBXBuildFile; fileRef = B29F76D824E236D7003ECDDB /* TipCalculatorTests.swift */; };
		B29F76E424E236D7003ECDDB /* TipCalculatorUITests.swift in Sources */ = {isa = PBXBuildFile; fileRef = B29F76E324E236D7003ECDDB /* TipCalculatorUITests.swift */; };
/* End PBXBuildFile section */

/* Begin PBXContainerItemProxy section */
		B29F76D524E236D7003ECDDB /* PBXContainerItemProxy */ = {
			isa = PBXContainerItemProxy;
			containerPortal = B29F76B624E236D4003ECDDB /* Project object */;
			proxyType = 1;
			remoteGlobalIDString = B29F76BD24E236D4003ECDDB;
			remoteInfo = TipCalculator;
		};
		B29F76E024E236D7003ECDDB /* PBXContainerItemProxy */ = {
			isa = PBXContainerItemProxy;
			containerPortal = B29F76B624E236D4003ECDDB /* Project object */;
			proxyType = 1;
			remoteGlobalIDString = B29F76BD24E236D4003ECDDB;
			remoteInfo = TipCalculator;
		};
/* End PBXContainerItemProxy section */

/* Begin PBXFileReference section */
		B29F76BE24E236D4003ECDDB /* TipCalculator.app */ = {isa = PBXFileReference; explicitFileType = wrapper.application; includeInIndex = 0; path = TipCalculator.app; sourceTree = BUILT_PRODUCTS_DIR; };
		B29F76C124E236D4003ECDDB /* AppDelegate.swift */ = {isa = PBXFileReference; lastKnownFileType = sourcecode.swift; path = AppDelegate.swift; sourceTree = "<group>"; };
		B29F76C324E236D4003ECDDB /* SceneDelegate.swift */ = {isa = PBXFileReference; lastKnownFileType = sourcecode.swift; path = SceneDelegate.swift; sourceTree = "<group>"; };
		B29F76C524E236D4003ECDDB /* ViewController.swift */ = {isa = PBXFileReference; lastKnownFileType = sourcecode.swift; path = ViewController.swift; sourceTree = "<group>"; };
		B29F76C824E236D4003ECDDB /* Base */ = {isa = PBXFileReference; lastKnownFileType = file.storyboard; name = Base; path = Base.lproj/Main.storyboard; sourceTree = "<group>"; };
		B29F76CA24E236D7003ECDDB /* Assets.xcassets */ = {isa = PBXFileReference; lastKnownFileType = folder.assetcatalog; path = Assets.xcassets; sourceTree = "<group>"; };
		B29F76CD24E236D7003ECDDB /* Base */ = {isa = PBXFileReference; lastKnownFileType = file.storyboard; name = Base; path = Base.lproj/LaunchScreen.storyboard; sourceTree = "<group>"; };
		B29F76CF24E236D7003ECDDB /* Info.plist */ = {isa = PBXFileReference; lastKnownFileType = text.plist.xml; path = Info.plist; sourceTree = "<group>"; };
		B29F76D424E236D7003ECDDB /* TipCalculatorTests.xctest */ = {isa = PBXFileReference; explicitFileType = wrapper.cfbundle; includeInIndex = 0; path = TipCalculatorTests.xctest; sourceTree = BUILT_PRODUCTS_DIR; };
		B29F76D824E236D7003ECDDB /* TipCalculatorTests.swift */ = {isa = PBXFileReference; lastKnownFileType = sourcecode.swift; path = TipCalculatorTests.swift; sourceTree = "<group>"; };
		B29F76DA24E236D7003ECDDB /* Info.plist */ = {isa = PBXFileReference; lastKnownFileType = text.plist.xml; path = Info.plist; sourceTree = "<group>"; };
		B29F76DF24E236D7003ECDDB /* TipCalculatorUITests.xctest */ = {isa = PBXFileReference; explicitFileType = wrapper.cfbundle; includeInIndex = 0; path = TipCalculatorUITests.xctest; sourceTree = BUILT_PRODUCTS_DIR; };
		B29F76E324E236D7003ECDDB /* TipCalculatorUITests.swift */ = {isa = PBXFileReference; lastKnownFileType = sourcecode.swift; path = TipCalculatorUITests.swift; sourceTree = "<group>"; };
		B29F76E524E236D7003ECDDB /* Info.plist */ = {isa = PBXFileReference; lastKnownFileType = text.plist.xml; path = Info.plist; sourceTree = "<group>"; };
/* End PBXFileReference section */

/* Begin PBXFrameworksBuildPhase section */
		B29F76BB24E236D4003ECDDB /* Frameworks */ = {
			isa = PBXFrameworksBuildPhase;
			buildActionMask = 2147483647;
			files = (
			);
			runOnlyForDeploymentPostprocessing = 0;
		};
		B29F76D124E236D7003ECDDB /* Frameworks */ = {
			isa = PBXFrameworksBuildPhase;
			buildActionMask = 2147483647;
			files = (
			);
			runOnlyForDeploymentPostprocessing = 0;
		};
		B29F76DC24E236D7003ECDDB /* Frameworks */ = {
			isa = PBXFrameworksBuildPhase;
			buildActionMask = 2147483647;
			files = (
			);
			runOnlyForDeploymentPostprocessing = 0;
		};
/* End PBXFrameworksBuildPhase section */

/* Begin PBXGroup section */
		B29F76B524E236D4003ECDDB = {
			isa = PBXGroup;
			children = (
				B29F76C024E236D4003ECDDB /* TipCalculator */,
				B29F76D724E236D7003ECDDB /* TipCalculatorTests */,
				B29F76E224E236D7003ECDDB /* TipCalculatorUITests */,
				B29F76BF24E236D4003ECDDB /* Products */,
			);
			sourceTree = "<group>";
		};
		B29F76BF24E236D4003ECDDB /* Products */ = {
			isa = PBXGroup;
			children = (
				B29F76BE24E236D4003ECDDB /* TipCalculator.app */,
				B29F76D424E236D7003ECDDB /* TipCalculatorTests.xctest */,
				B29F76DF24E236D7003ECDDB /* TipCalculatorUITests.xctest */,
			);
			name = Products;
			sourceTree = "<group>";
		};
		B29F76C024E236D4003ECDDB /* TipCalculator */ = {
			isa = PBXGroup;
			children = (
				B29F76C124E236D4003ECDDB /* AppDelegate.swift */,
				B29F76C324E236D4003ECDDB /* SceneDelegate.swift */,
				B29F76C524E236D4003ECDDB /* ViewController.swift */,
				B29F76C724E236D4003ECDDB /* Main.storyboard */,
				B29F76CA24E236D7003ECDDB /* Assets.xcassets */,
				B29F76CC24E236D7003ECDDB /* LaunchScreen.storyboard */,
				B29F76CF24E236D7003ECDDB /* Info.plist */,
			);
			path = TipCalculator;
			sourceTree = "<group>";
		};
		B29F76D724E236D7003ECDDB /* TipCalculatorTests */ = {
			isa = PBXGroup;
			children = (
				B29F76D824E236D7003ECDDB /* TipCalculatorTests.swift */,
				B29F76DA24E236D7003ECDDB /* Info.plist */,
			);
			path = TipCalculatorTests;
			sourceTree = "<group>";
		};
		B29F76E224E236D7003ECDDB /* TipCalculatorUITests */ = {
			isa = PBXGroup;
			children = (
				B29F76E324E236D7003ECDDB /* TipCalculatorUITests.swift */,
				B29F76E524E236D7003ECDDB /* Info.plist */,
			);
			path = TipCalculatorUITests;
			sourceTree = "<group>";
		};
/* End PBXGroup section */

/* Begin PBXNativeTarget section */
		B29F76BD24E236D4003ECDDB /* TipCalculator */ = {
			isa = PBXNativeTarget;
			buildConfigurationList = B29F76E824E236D7003ECDDB /* Build configuration list for PBXNativeTarget "TipCalculator" */;
			buildPhases = (
				B29F76BA24E236D4003ECDDB /* Sources */,
				B29F76BB24E236D4003ECDDB /* Frameworks */,
				B29F76BC24E236D4003ECDDB /* Resources */,
			);
			buildRules = (
			);
			dependencies = (
			);
			name = TipCalculator;
			productName = TipCalculator;
			productReference = B29F76BE24E236D4003ECDDB /* TipCalculator.app */;
			productType = "com.apple.product-type.application";
		};
		B29F76D324E236D7003ECDDB /* TipCalculatorTests */ = {
			isa = PBXNativeTarget;
			buildConfigurationList = B29F76EB24E236D7003ECDDB /* Build configuration list for PBXNativeTarget "TipCalculatorTests" */;
			buildPhases = (
				B29F76D024E236D7003ECDDB /* Sources */,
				B29F76D124E236D7003ECDDB /* Frameworks */,
				B29F76D224E236D7003ECDDB /* Resources */,
			);
			buildRules = (
			);
			dependencies = (
				B29F76D624E236D7003ECDDB /* PBXTargetDependency */,
			);
			name = TipCalculatorTests;
			productName = TipCalculatorTests;
			productReference = B29F76D424E236D7003ECDDB /* TipCalculatorTests.xctest */;
			productType = "com.apple.product-type.bundle.unit-test";
		};
		B29F76DE24E236D7003ECDDB /* TipCalculatorUITests */ = {
			isa = PBXNativeTarget;
			buildConfigurationList = B29F76EE24E236D7003ECDDB /* Build configuration list for PBXNativeTarget "TipCalculatorUITests" */;
			buildPhases = (
				B29F76DB24E236D7003ECDDB /* Sources */,
				B29F76DC24E236D7003ECDDB /* Frameworks */,
				B29F76DD24E236D7003ECDDB /* Resources */,
			);
			buildRules = (
			);
			dependencies = (
				B29F76E124E236D7003ECDDB /* PBXTargetDependency */,
			);
			name = TipCalculatorUITests;
			productName = TipCalculatorUITests;
			productReference = B29F76DF24E236D7003ECDDB /* TipCalculatorUITests.xctest */;
			productType = "com.apple.product-type.bundle.ui-testing";
		};
/* End PBXNativeTarget section */

/* Begin PBXProject section */
		B29F76B624E236D4003ECDDB /* Project object */ = {
			isa = PBXProject;
			attributes = {
				LastSwiftUpdateCheck = 1160;
				LastUpgradeCheck = 1160;
				ORGANIZATIONNAME = Codepath;
				TargetAttributes = {
					B29F76BD24E236D4003ECDDB = {
						CreatedOnToolsVersion = 11.6;
					};
					B29F76D324E236D7003ECDDB = {
						CreatedOnToolsVersion = 11.6;
						TestTargetID = B29F76BD24E236D4003ECDDB;
					};
					B29F76DE24E236D7003ECDDB = {
						CreatedOnToolsVersion = 11.6;
						TestTargetID = B29F76BD24E236D4003ECDDB;
					};
				};
			};
			buildConfigurationList = B29F76B924E236D4003ECDDB /* Build configuration list for PBXProject "TipCalculator" */;
			compatibilityVersion = "Xcode 9.3";
			developmentRegion = en;
			hasScannedForEncodings = 0;
			knownRegions = (
				en,
				Base,
			);
			mainGroup = B29F76B524E236D4003ECDDB;
			productRefGroup = B29F76BF24E236D4003ECDDB /* Products */;
			projectDirPath = "";
			projectRoot = "";
			targets = (
				B29F76BD24E236D4003ECDDB /* TipCalculator */,
				B29F76D324E236D7003ECDDB /* TipCalculatorTests */,
				B29F76DE24E236D7003ECDDB /* TipCalculatorUITests */,
			);
		};
/* End PBXProject section */

/* Begin PBXResourcesBuildPhase section */
		B29F76BC24E236D4003ECDDB /* Resources */ = {
			isa = PBXResourcesBuildPhase;
			buildActionMask = 2147483647;
			files = (
				B29F76CE24E236D7003ECDDB /* LaunchScreen.storyboard in Resources */,
				B29F76CB24E236D7003ECDDB /* Assets.xcassets in Resources */,
				B29F76C924E236D4003ECDDB /* Main.storyboard in Resources */,
			);
			runOnlyForDeploymentPostprocessing = 0;
		};
		B29F76D224E236D7003ECDDB /* Resources */ = {
			isa = PBXResourcesBuildPhase;
			buildActionMask = 2147483647;
			files = (
			);
			runOnlyForDeploymentPostprocessing = 0;
		};
		B29F76DD24E236D7003ECDDB /* Resources */ = {
			isa = PBXResourcesBuildPhase;
			buildActionMask = 2147483647;
			files = (
			);
			runOnlyForDeploymentPostprocessing = 0;
		};
/* End PBXResourcesBuildPhase section */

/* Begin PBXSourcesBuildPhase section */
		B29F76BA24E236D4003ECDDB /* Sources */ = {
			isa = PBXSourcesBuildPhase;
			buildActionMask = 2147483647;
			files = (
				B29F76C624E236D4003ECDDB /* ViewController.swift in Sources */,
				B29F76C224E236D4003ECDDB /* AppDelegate.swift in Sources */,
				B29F76C424E236D4003ECDDB /* SceneDelegate.swift in Sources */,
			);
			runOnlyForDeploymentPostprocessing = 0;
		};
		B29F76D024E236D7003ECDDB /* Sources */ = {
			isa = PBXSourcesBuildPhase;
			buildActionMask = 2147483647;
			files = (
				B29F76D924E236D7003ECDDB /* TipCalculatorTests.swift in Sources */,
			);
			runOnlyForDeploymentPostprocessing = 0;
		};
		B29F76DB24E236D7003ECDDB /* Sources */ = {
			isa = PBXSourcesBuildPhase;
			buildActionMask = 2147483647;
			files = (
				B29F76E424E236D7003ECDDB /* TipCalculatorUITests.swift in Sources */,
			);
			runOnlyForDeploymentPostprocessing = 0;
		};
/* End PBXSourcesBuildPhase section */

/* Begin PBXTargetDependency section */
		B29F76D624E236D7003ECDDB /* PBXTargetDependency */ = {
			isa = PBXTargetDependency;
			target = B29F76BD24E236D4003ECDDB /* TipCalculator */;
			targetProxy = B29F76D524E236D7003ECDDB /* PBXContainerItemProxy */;
		};
		B29F76E124E236D7003ECDDB /* PBXTargetDependency */ = {
			isa = PBXTargetDependency;
			target = B29F76BD24E236D4003ECDDB /* TipCalculator */;
			targetProxy = B29F76E024E236D7003ECDDB /* PBXContainerItemProxy */;
		};
/* End PBXTargetDependency section */

/* Begin PBXVariantGroup section */
		B29F76C724E236D4003ECDDB /* Main.storyboard */ = {
			isa = PBXVariantGroup;
			children = (
				B29F76C824E236D4003ECDDB /* Base */,
			);
			name = Main.storyboard;
			sourceTree = "<group>";
		};
		B29F76CC24E236D7003ECDDB /* LaunchScreen.storyboard */ = {
			isa = PBXVariantGroup;
			children = (
				B29F76CD24E236D7003ECDDB /* Base */,
			);
			name = LaunchScreen.storyboard;
			sourceTree = "<group>";
		};
/* End PBXVariantGroup section */

/* Begin XCBuildConfiguration section */
		B29F76E624E236D7003ECDDB /* Debug */ = {
			isa = XCBuildConfiguration;
			buildSettings = {
				ALWAYS_SEARCH_USER_PATHS = NO;
				CLANG_ANALYZER_NONNULL = YES;
				CLANG_ANALYZER_NUMBER_OBJECT_CONVERSION = YES_AGGRESSIVE;
				CLANG_CXX_LANGUAGE_STANDARD = "gnu++14";
				CLANG_CXX_LIBRARY = "libc++";
				CLANG_ENABLE_MODULES = YES;
				CLANG_ENABLE_OBJC_ARC = YES;
				CLANG_ENABLE_OBJC_WEAK = YES;
				CLANG_WARN_BLOCK_CAPTURE_AUTORELEASING = YES;
				CLANG_WARN_BOOL_CONVERSION = YES;
				CLANG_WARN_COMMA = YES;
				CLANG_WARN_CONSTANT_CONVERSION = YES;
				CLANG_WARN_DEPRECATED_OBJC_IMPLEMENTATIONS = YES;
				CLANG_WARN_DIRECT_OBJC_ISA_USAGE = YES_ERROR;
				CLANG_WARN_DOCUMENTATION_COMMENTS = YES;
				CLANG_WARN_EMPTY_BODY = YES;
				CLANG_WARN_ENUM_CONVERSION = YES;
				CLANG_WARN_INFINITE_RECURSION = YES;
				CLANG_WARN_INT_CONVERSION = YES;
				CLANG_WARN_NON_LITERAL_NULL_CONVERSION = YES;
				CLANG_WARN_OBJC_IMPLICIT_RETAIN_SELF = YES;
				CLANG_WARN_OBJC_LITERAL_CONVERSION = YES;
				CLANG_WARN_OBJC_ROOT_CLASS = YES_ERROR;
				CLANG_WARN_RANGE_LOOP_ANALYSIS = YES;
				CLANG_WARN_STRICT_PROTOTYPES = YES;
				CLANG_WARN_SUSPICIOUS_MOVE = YES;
				CLANG_WARN_UNGUARDED_AVAILABILITY = YES_AGGRESSIVE;
				CLANG_WARN_UNREACHABLE_CODE = YES;
				CLANG_WARN__DUPLICATE_METHOD_MATCH = YES;
				COPY_PHASE_STRIP = NO;
				DEBUG_INFORMATION_FORMAT = dwarf;
				ENABLE_STRICT_OBJC_MSGSEND = YES;
				ENABLE_TESTABILITY = YES;
				GCC_C_LANGUAGE_STANDARD = gnu11;
				GCC_DYNAMIC_NO_PIC = NO;
				GCC_NO_COMMON_BLOCKS = YES;
				GCC_OPTIMIZATION_LEVEL = 0;
				GCC_PREPROCESSOR_DEFINITIONS = (
					"DEBUG=1",
					"$(inherited)",
				);
				GCC_WARN_64_TO_32_BIT_CONVERSION = YES;
				GCC_WARN_ABOUT_RETURN_TYPE = YES_ERROR;
				GCC_WARN_UNDECLARED_SELECTOR = YES;
				GCC_WARN_UNINITIALIZED_AUTOS = YES_AGGRESSIVE;
				GCC_WARN_UNUSED_FUNCTION = YES;
				GCC_WARN_UNUSED_VARIABLE = YES;
				IPHONEOS_DEPLOYMENT_TARGET = 13.6;
				MTL_ENABLE_DEBUG_INFO = INCLUDE_SOURCE;
				MTL_FAST_MATH = YES;
				ONLY_ACTIVE_ARCH = YES;
				SDKROOT = iphoneos;
				SWIFT_ACTIVE_COMPILATION_CONDITIONS = DEBUG;
				SWIFT_OPTIMIZATION_LEVEL = "-Onone";
			};
			name = Debug;
		};
		B29F76E724E236D7003ECDDB /* Release */ = {
			isa = XCBuildConfiguration;
			buildSettings = {
				ALWAYS_SEARCH_USER_PATHS = NO;
				CLANG_ANALYZER_NONNULL = YES;
				CLANG_ANALYZER_NUMBER_OBJECT_CONVERSION = YES_AGGRESSIVE;
				CLANG_CXX_LANGUAGE_STANDARD = "gnu++14";
				CLANG_CXX_LIBRARY = "libc++";
				CLANG_ENABLE_MODULES = YES;
				CLANG_ENABLE_OBJC_ARC = YES;
				CLANG_ENABLE_OBJC_WEAK = YES;
				CLANG_WARN_BLOCK_CAPTURE_AUTORELEASING = YES;
				CLANG_WARN_BOOL_CONVERSION = YES;
				CLANG_WARN_COMMA = YES;
				CLANG_WARN_CONSTANT_CONVERSION = YES;
				CLANG_WARN_DEPRECATED_OBJC_IMPLEMENTATIONS = YES;
				CLANG_WARN_DIRECT_OBJC_ISA_USAGE = YES_ERROR;
				CLANG_WARN_DOCUMENTATION_COMMENTS = YES;
				CLANG_WARN_EMPTY_BODY = YES;
				CLANG_WARN_ENUM_CONVERSION = YES;
				CLANG_WARN_INFINITE_RECURSION = YES;
				CLANG_WARN_INT_CONVERSION = YES;
				CLANG_WARN_NON_LITERAL_NULL_CONVERSION = YES;
				CLANG_WARN_OBJC_IMPLICIT_RETAIN_SELF = YES;
				CLANG_WARN_OBJC_LITERAL_CONVERSION = YES;
				CLANG_WARN_OBJC_ROOT_CLASS = YES_ERROR;
				CLANG_WARN_RANGE_LOOP_ANALYSIS = YES;
				CLANG_WARN_STRICT_PROTOTYPES = YES;
				CLANG_WARN_SUSPICIOUS_MOVE = YES;
				CLANG_WARN_UNGUARDED_AVAILABILITY = YES_AGGRESSIVE;
				CLANG_WARN_UNREACHABLE_CODE = YES;
				CLANG_WARN__DUPLICATE_METHOD_MATCH = YES;
				COPY_PHASE_STRIP = NO;
				DEBUG_INFORMATION_FORMAT = "dwarf-with-dsym";
				ENABLE_NS_ASSERTIONS = NO;
				ENABLE_STRICT_OBJC_MSGSEND = YES;
				GCC_C_LANGUAGE_STANDARD = gnu11;
				GCC_NO_COMMON_BLOCKS = YES;
				GCC_WARN_64_TO_32_BIT_CONVERSION = YES;
				GCC_WARN_ABOUT_RETURN_TYPE = YES_ERROR;
				GCC_WARN_UNDECLARED_SELECTOR = YES;
				GCC_WARN_UNINITIALIZED_AUTOS = YES_AGGRESSIVE;
				GCC_WARN_UNUSED_FUNCTION = YES;
				GCC_WARN_UNUSED_VARIABLE = YES;
				IPHONEOS_DEPLOYMENT_TARGET = 13.6;
				MTL_ENABLE_DEBUG_INFO = NO;
				MTL_FAST_MATH = YES;
				SDKROOT = iphoneos;
				SWIFT_COMPILATION_MODE = wholemodule;
				SWIFT_OPTIMIZATION_LEVEL = "-O";
				VALIDATE_PRODUCT = YES;
			};
			name = Release;
		};
		B29F76E924E236D7003ECDDB /* Debug */ = {
			isa = XCBuildConfiguration;
			buildSettings = {
				ASSETCATALOG_COMPILER_APPICON_NAME = AppIcon;
				CODE_SIGN_STYLE = Automatic;
				INFOPLIST_FILE = TipCalculator/Info.plist;
				LD_RUNPATH_SEARCH_PATHS = (
					"$(inherited)",
					"@executable_path/Frameworks",
				);
				PRODUCT_BUNDLE_IDENTIFIER = Codepath.TipCalculator;
				PRODUCT_NAME = "$(TARGET_NAME)";
				SWIFT_VERSION = 5.0;
				TARGETED_DEVICE_FAMILY = "1,2";
			};
			name = Debug;
		};
		B29F76EA24E236D7003ECDDB /* Release */ = {
			isa = XCBuildConfiguration;
			buildSettings = {
				ASSETCATALOG_COMPILER_APPICON_NAME = AppIcon;
				CODE_SIGN_STYLE = Automatic;
				INFOPLIST_FILE = TipCalculator/Info.plist;
				LD_RUNPATH_SEARCH_PATHS = (
					"$(inherited)",
					"@executable_path/Frameworks",
				);
				PRODUCT_BUNDLE_IDENTIFIER = Codepath.TipCalculator;
				PRODUCT_NAME = "$(TARGET_NAME)";
				SWIFT_VERSION = 5.0;
				TARGETED_DEVICE_FAMILY = "1,2";
			};
			name = Release;
		};
		B29F76EC24E236D7003ECDDB /* Debug */ = {
			isa = XCBuildConfiguration;
			buildSettings = {
				ALWAYS_EMBED_SWIFT_STANDARD_LIBRARIES = YES;
				BUNDLE_LOADER = "$(TEST_HOST)";
				CODE_SIGN_STYLE = Automatic;
				INFOPLIST_FILE = TipCalculatorTests/Info.plist;
				IPHONEOS_DEPLOYMENT_TARGET = 13.6;
				LD_RUNPATH_SEARCH_PATHS = (
					"$(inherited)",
					"@executable_path/Frameworks",
					"@loader_path/Frameworks",
				);
				PRODUCT_BUNDLE_IDENTIFIER = Codepath.TipCalculatorTests;
				PRODUCT_NAME = "$(TARGET_NAME)";
				SWIFT_VERSION = 5.0;
				TARGETED_DEVICE_FAMILY = "1,2";
				TEST_HOST = "$(BUILT_PRODUCTS_DIR)/TipCalculator.app/TipCalculator";
			};
			name = Debug;
		};
		B29F76ED24E236D7003ECDDB /* Release */ = {
			isa = XCBuildConfiguration;
			buildSettings = {
				ALWAYS_EMBED_SWIFT_STANDARD_LIBRARIES = YES;
				BUNDLE_LOADER = "$(TEST_HOST)";
				CODE_SIGN_STYLE = Automatic;
				INFOPLIST_FILE = TipCalculatorTests/Info.plist;
				IPHONEOS_DEPLOYMENT_TARGET = 13.6;
				LD_RUNPATH_SEARCH_PATHS = (
					"$(inherited)",
					"@executable_path/Frameworks",
					"@loader_path/Frameworks",
				);
				PRODUCT_BUNDLE_IDENTIFIER = Codepath.TipCalculatorTests;
				PRODUCT_NAME = "$(TARGET_NAME)";
				SWIFT_VERSION = 5.0;
				TARGETED_DEVICE_FAMILY = "1,2";
				TEST_HOST = "$(BUILT_PRODUCTS_DIR)/TipCalculator.app/TipCalculator";
			};
			name = Release;
		};
		B29F76EF24E236D7003ECDDB /* Debug */ = {
			isa = XCBuildConfiguration;
			buildSettings = {
				ALWAYS_EMBED_SWIFT_STANDARD_LIBRARIES = YES;
				CODE_SIGN_STYLE = Automatic;
				INFOPLIST_FILE = TipCalculatorUITests/Info.plist;
				LD_RUNPATH_SEARCH_PATHS = (
					"$(inherited)",
					"@executable_path/Frameworks",
					"@loader_path/Frameworks",
				);
				PRODUCT_BUNDLE_IDENTIFIER = Codepath.TipCalculatorUITests;
				PRODUCT_NAME = "$(TARGET_NAME)";
				SWIFT_VERSION = 5.0;
				TARGETED_DEVICE_FAMILY = "1,2";
				TEST_TARGET_NAME = TipCalculator;
			};
			name = Debug;
		};
		B29F76F024E236D7003ECDDB /* Release */ = {
			isa = XCBuildConfiguration;
			buildSettings = {
				ALWAYS_EMBED_SWIFT_STANDARD_LIBRARIES = YES;
				CODE_SIGN_STYLE = Automatic;
				INFOPLIST_FILE = TipCalculatorUITests/Info.plist;
				LD_RUNPATH_SEARCH_PATHS = (
					"$(inherited)",
					"@executable_path/Frameworks",
					"@loader_path/Frameworks",
				);
				PRODUCT_BUNDLE_IDENTIFIER = Codepath.TipCalculatorUITests;
				PRODUCT_NAME = "$(TARGET_NAME)";
				SWIFT_VERSION = 5.0;
				TARGETED_DEVICE_FAMILY = "1,2";
				TEST_TARGET_NAME = TipCalculator;
			};
			name = Release;
		};
/* End XCBuildConfiguration section */

/* Begin XCConfigurationList section */
		B29F76B924E236D4003ECDDB /* Build configuration list for PBXProject "TipCalculator" */ = {
			isa = XCConfigurationList;
			buildConfigurations = (
				B29F76E624E236D7003ECDDB /* Debug */,
				B29F76E724E236D7003ECDDB /* Release */,
			);
			defaultConfigurationIsVisible = 0;
			defaultConfigurationName = Release;
		};
		B29F76E824E236D7003ECDDB /* Build configuration list for PBXNativeTarget "TipCalculator" */ = {
			isa = XCConfigurationList;
			buildConfigurations = (
				B29F76E924E236D7003ECDDB /* Debug */,
				B29F76EA24E236D7003ECDDB /* Release */,
			);
			defaultConfigurationIsVisible = 0;
			defaultConfigurationName = Release;
		};
		B29F76EB24E236D7003ECDDB /* Build configuration list for PBXNativeTarget "TipCalculatorTests" */ = {
			isa = XCConfigurationList;
			buildConfigurations = (
				B29F76EC24E236D7003ECDDB /* Debug */,
				B29F76ED24E236D7003ECDDB /* Release */,
			);
			defaultConfigurationIsVisible = 0;
			defaultConfigurationName = Release;
		};
		B29F76EE24E236D7003ECDDB /* Build configuration list for PBXNativeTarget "TipCalculatorUITests" */ = {
			isa = XCConfigurationList;
			buildConfigurations = (
				B29F76EF24E236D7003ECDDB /* Debug */,
				B29F76F024E236D7003ECDDB /* Release */,
			);
			defaultConfigurationIsVisible = 0;
			defaultConfigurationName = Release;
		};
/* End XCConfigurationList section */
	};
	rootObject = B29F76B624E236D4003ECDDB /* Project object */;
}
